
Microsoft Visual Studio Solution File, Format Version 12.00
# Visual Studio Version 17
VisualStudioVersion = 17.5.002.0
MinimumVisualStudioVersion = 10.0.40219.1
Project("{2150E333-8FDC-42A3-9474-1A3956D46DE8}") = "csharp-prep", "csharp-prep", "{162AB162-FF8A-4023-B79B-5AFCEBBDEC33}"
EndProject
Project("{9A19103F-16F7-4668-BE54-9A1E7A4F7556}") = "Prep1", "csharp-prep\Prep1\Prep1.csproj", "{27356F80-8698-46B7-8278-9206344A8273}"
EndProject
Project("{9A19103F-16F7-4668-BE54-9A1E7A4F7556}") = "Prep2", "csharp-prep\Prep2\Prep2.csproj", "{62FD6072-A90E-4F3A-B2EC-81232458ECBA}"
EndProject
Project("{9A19103F-16F7-4668-BE54-9A1E7A4F7556}") = "Prep3", "csharp-prep\Prep3\Prep3.csproj", "{063976FC-EC08-4553-B6E3-BA5293F40823}"
EndProject
Project("{9A19103F-16F7-4668-BE54-9A1E7A4F7556}") = "Prep4", "csharp-prep\Prep4\Prep4.csproj", "{E42F89A6-B278-4512-9947-1C89C205AB77}"
EndProject
Project("{9A19103F-16F7-4668-BE54-9A1E7A4F7556}") = "Prep5", "csharp-prep\Prep5\Prep5.csproj", "{38162AB4-6E8E-4FCD-BB67-ACB197EA66C8}"
EndProject
Project("{2150E333-8FDC-42A3-9474-1A3956D46DE8}") = "final", "final", "{83605024-47DA-43AB-8006-E098376F96F3}"
EndProject
Project("{9A19103F-16F7-4668-BE54-9A1E7A4F7556}") = "FinalProject", "final\FinalProject\FinalProject.csproj", "{ECE151A2-05E6-4B53-A231-A76E77CE4890}"
EndProject
Project("{9A19103F-16F7-4668-BE54-9A1E7A4F7556}") = "Foundation1", "final\Foundation1\Foundation1.csproj", "{AA6143BD-B55D-463C-9CEA-2C33B147CBEF}"
EndProject
Project("{9A19103F-16F7-4668-BE54-9A1E7A4F7556}") = "Foundation2", "final\Foundation2\Foundation2.csproj", "{B348C7A6-A400-4D24-A168-51FEDBBEA3F4}"
EndProject
Project("{9A19103F-16F7-4668-BE54-9A1E7A4F7556}") = "Foundation3", "final\Foundation3\Foundation3.csproj", "{D1E1F117-57A9-4DBF-9FF4-0753FF395299}"
EndProject
Project("{9A19103F-16F7-4668-BE54-9A1E7A4F7556}") = "Foundation4", "final\Foundation4\Foundation4.csproj", "{C5457395-A1B8-4889-B52C-87559D06399C}"
EndProject
Project("{2150E333-8FDC-42A3-9474-1A3956D46DE8}") = "prepare", "prepare", "{B490A021-762E-4E5E-86B3-A9671B64F5BB}"
EndProject
Project("{9A19103F-16F7-4668-BE54-9A1E7A4F7556}") = "Learning02", "prepare\Learning02\Learning02.csproj", "{4628DFFD-EDE9-4043-A51D-F9C77B30774F}"
EndProject
Project("{9A19103F-16F7-4668-BE54-9A1E7A4F7556}") = "Learning03", "prepare\Learning03\Learning03.csproj", "{077313E8-E141-4ED8-A634-BE4EE442E44A}"
EndProject
Project("{9A19103F-16F7-4668-BE54-9A1E7A4F7556}") = "Learning04", "prepare\Learning04\Learning04.csproj", "{C0A8E2E0-5BFE-418B-AF4E-6FB077C4D837}"
EndProject
Project("{9A19103F-16F7-4668-BE54-9A1E7A4F7556}") = "Learning05", "prepare\Learning05\Learning05.csproj", "{8C25E616-C932-4388-A583-51090ABB746A}"
EndProject
Project("{2150E333-8FDC-42A3-9474-1A3956D46DE8}") = "prove", "prove", "{6F344CC1-F319-4797-AD68-0BF60A037948}"
EndProject
Project("{9A19103F-16F7-4668-BE54-9A1E7A4F7556}") = "Develop02", "prove\Develop02\Develop02.csproj", "{0CDEFBC9-0576-453E-B89C-CF8B2984B5A1}"
EndProject
Project("{9A19103F-16F7-4668-BE54-9A1E7A4F7556}") = "Develop03", "prove\Develop03\Develop03.csproj", "{97DAB8C7-3E56-4314-B0AD-99E3DE0EF1AE}"
EndProject
Project("{9A19103F-16F7-4668-BE54-9A1E7A4F7556}") = "Develop04", "prove\Develop04\Develop04.csproj", "{24C621F0-7575-4676-9A20-AB0CFC13D90F}"
EndProject
Project("{9A19103F-16F7-4668-BE54-9A1E7A4F7556}") = "Develop05", "prove\Develop05\Develop05.csproj", "{98BC65B9-D052-4B58-AEE3-01063F671911}"
EndProject
Project("{2150E333-8FDC-42A3-9474-1A3956D46DE8}") = "sandbox", "sandbox", "{1CD755D8-393B-4963-89EB-5E86DE299D66}"
EndProject
Project("{9A19103F-16F7-4668-BE54-9A1E7A4F7556}") = "Sandbox", "sandbox\Sandbox\Sandbox.csproj", "{F2E37985-DAE6-4C3F-8CE0-D510921E6BB4}"
EndProject
Global
	GlobalSection(SolutionConfigurationPlatforms) = preSolution
		Debug|Any CPU = Debug|Any CPU
		Release|Any CPU = Release|Any CPU
	EndGlobalSection
	GlobalSection(ProjectConfigurationPlatforms) = postSolution
		{27356F80-8698-46B7-8278-9206344A8273}.Debug|Any CPU.ActiveCfg = Debug|Any CPU
		{27356F80-8698-46B7-8278-9206344A8273}.Debug|Any CPU.Build.0 = Debug|Any CPU
		{27356F80-8698-46B7-8278-9206344A8273}.Release|Any CPU.ActiveCfg = Release|Any CPU
		{27356F80-8698-46B7-8278-9206344A8273}.Release|Any CPU.Build.0 = Release|Any CPU
		{62FD6072-A90E-4F3A-B2EC-81232458ECBA}.Debug|Any CPU.ActiveCfg = Debug|Any CPU
		{62FD6072-A90E-4F3A-B2EC-81232458ECBA}.Debug|Any CPU.Build.0 = Debug|Any CPU
		{62FD6072-A90E-4F3A-B2EC-81232458ECBA}.Release|Any CPU.ActiveCfg = Release|Any CPU
		{62FD6072-A90E-4F3A-B2EC-81232458ECBA}.Release|Any CPU.Build.0 = Release|Any CPU
		{063976FC-EC08-4553-B6E3-BA5293F40823}.Debug|Any CPU.ActiveCfg = Debug|Any CPU
		{063976FC-EC08-4553-B6E3-BA5293F40823}.Debug|Any CPU.Build.0 = Debug|Any CPU
		{063976FC-EC08-4553-B6E3-BA5293F40823}.Release|Any CPU.ActiveCfg = Release|Any CPU
		{063976FC-EC08-4553-B6E3-BA5293F40823}.Release|Any CPU.Build.0 = Release|Any CPU
		{E42F89A6-B278-4512-9947-1C89C205AB77}.Debug|Any CPU.ActiveCfg = Debug|Any CPU
		{E42F89A6-B278-4512-9947-1C89C205AB77}.Debug|Any CPU.Build.0 = Debug|Any CPU
		{E42F89A6-B278-4512-9947-1C89C205AB77}.Release|Any CPU.ActiveCfg = Release|Any CPU
		{E42F89A6-B278-4512-9947-1C89C205AB77}.Release|Any CPU.Build.0 = Release|Any CPU
		{38162AB4-6E8E-4FCD-BB67-ACB197EA66C8}.Debug|Any CPU.ActiveCfg = Debug|Any CPU
		{38162AB4-6E8E-4FCD-BB67-ACB197EA66C8}.Debug|Any CPU.Build.0 = Debug|Any CPU
		{38162AB4-6E8E-4FCD-BB67-ACB197EA66C8}.Release|Any CPU.ActiveCfg = Release|Any CPU
		{38162AB4-6E8E-4FCD-BB67-ACB197EA66C8}.Release|Any CPU.Build.0 = Release|Any CPU
		{ECE151A2-05E6-4B53-A231-A76E77CE4890}.Debug|Any CPU.ActiveCfg = Debug|Any CPU
		{ECE151A2-05E6-4B53-A231-A76E77CE4890}.Debug|Any CPU.Build.0 = Debug|Any CPU
		{ECE151A2-05E6-4B53-A231-A76E77CE4890}.Release|Any CPU.ActiveCfg = Release|Any CPU
		{ECE151A2-05E6-4B53-A231-A76E77CE4890}.Release|Any CPU.Build.0 = Release|Any CPU
		{AA6143BD-B55D-463C-9CEA-2C33B147CBEF}.Debug|Any CPU.ActiveCfg = Debug|Any CPU
		{AA6143BD-B55D-463C-9CEA-2C33B147CBEF}.Debug|Any CPU.Build.0 = Debug|Any CPU
		{AA6143BD-B55D-463C-9CEA-2C33B147CBEF}.Release|Any CPU.ActiveCfg = Release|Any CPU
		{AA6143BD-B55D-463C-9CEA-2C33B147CBEF}.Release|Any CPU.Build.0 = Release|Any CPU
		{B348C7A6-A400-4D24-A168-51FEDBBEA3F4}.Debug|Any CPU.ActiveCfg = Debug|Any CPU
		{B348C7A6-A400-4D24-A168-51FEDBBEA3F4}.Debug|Any CPU.Build.0 = Debug|Any CPU
		{B348C7A6-A400-4D24-A168-51FEDBBEA3F4}.Release|Any CPU.ActiveCfg = Release|Any CPU
		{B348C7A6-A400-4D24-A168-51FEDBBEA3F4}.Release|Any CPU.Build.0 = Release|Any CPU
		{D1E1F117-57A9-4DBF-9FF4-0753FF395299}.Debug|Any CPU.ActiveCfg = Debug|Any CPU
		{D1E1F117-57A9-4DBF-9FF4-0753FF395299}.Debug|Any CPU.Build.0 = Debug|Any CPU
		{D1E1F117-57A9-4DBF-9FF4-0753FF395299}.Release|Any CPU.ActiveCfg = Release|Any CPU
		{D1E1F117-57A9-4DBF-9FF4-0753FF395299}.Release|Any CPU.Build.0 = Release|Any CPU
		{C5457395-A1B8-4889-B52C-87559D06399C}.Debug|Any CPU.ActiveCfg = Debug|Any CPU
		{C5457395-A1B8-4889-B52C-87559D06399C}.Debug|Any CPU.Build.0 = Debug|Any CPU
		{C5457395-A1B8-4889-B52C-87559D06399C}.Release|Any CPU.ActiveCfg = Release|Any CPU
		{C5457395-A1B8-4889-B52C-87559D06399C}.Release|Any CPU.Build.0 = Release|Any CPU
		{4628DFFD-EDE9-4043-A51D-F9C77B30774F}.Debug|Any CPU.ActiveCfg = Debug|Any CPU
		{4628DFFD-EDE9-4043-A51D-F9C77B30774F}.Debug|Any CPU.Build.0 = Debug|Any CPU
		{4628DFFD-EDE9-4043-A51D-F9C77B30774F}.Release|Any CPU.ActiveCfg = Release|Any CPU
		{4628DFFD-EDE9-4043-A51D-F9C77B30774F}.Release|Any CPU.Build.0 = Release|Any CPU
		{077313E8-E141-4ED8-A634-BE4EE442E44A}.Debug|Any CPU.ActiveCfg = Debug|Any CPU
		{077313E8-E141-4ED8-A634-BE4EE442E44A}.Debug|Any CPU.Build.0 = Debug|Any CPU
		{077313E8-E141-4ED8-A634-BE4EE442E44A}.Release|Any CPU.ActiveCfg = Release|Any CPU
		{077313E8-E141-4ED8-A634-BE4EE442E44A}.Release|Any CPU.Build.0 = Release|Any CPU
		{C0A8E2E0-5BFE-418B-AF4E-6FB077C4D837}.Debug|Any CPU.ActiveCfg = Debug|Any CPU
		{C0A8E2E0-5BFE-418B-AF4E-6FB077C4D837}.Debug|Any CPU.Build.0 = Debug|Any CPU
		{C0A8E2E0-5BFE-418B-AF4E-6FB077C4D837}.Release|Any CPU.ActiveCfg = Release|Any CPU
		{C0A8E2E0-5BFE-418B-AF4E-6FB077C4D837}.Release|Any CPU.Build.0 = Release|Any CPU
		{8C25E616-C932-4388-A583-51090ABB746A}.Debug|Any CPU.ActiveCfg = Debug|Any CPU
		{8C25E616-C932-4388-A583-51090ABB746A}.Debug|Any CPU.Build.0 = Debug|Any CPU
		{8C25E616-C932-4388-A583-51090ABB746A}.Release|Any CPU.ActiveCfg = Release|Any CPU
		{8C25E616-C932-4388-A583-51090ABB746A}.Release|Any CPU.Build.0 = Release|Any CPU
		{0CDEFBC9-0576-453E-B89C-CF8B2984B5A1}.Debug|Any CPU.ActiveCfg = Debug|Any CPU
		{0CDEFBC9-0576-453E-B89C-CF8B2984B5A1}.Debug|Any CPU.Build.0 = Debug|Any CPU
		{0CDEFBC9-0576-453E-B89C-CF8B2984B5A1}.Release|Any CPU.ActiveCfg = Release|Any CPU
		{0CDEFBC9-0576-453E-B89C-CF8B2984B5A1}.Release|Any CPU.Build.0 = Release|Any CPU
		{97DAB8C7-3E56-4314-B0AD-99E3DE0EF1AE}.Debug|Any CPU.ActiveCfg = Debug|Any CPU
		{97DAB8C7-3E56-4314-B0AD-99E3DE0EF1AE}.Debug|Any CPU.Build.0 = Debug|Any CPU
		{97DAB8C7-3E56-4314-B0AD-99E3DE0EF1AE}.Release|Any CPU.ActiveCfg = Release|Any CPU
		{97DAB8C7-3E56-4314-B0AD-99E3DE0EF1AE}.Release|Any CPU.Build.0 = Release|Any CPU
		{24C621F0-7575-4676-9A20-AB0CFC13D90F}.Debug|Any CPU.ActiveCfg = Debug|Any CPU
		{24C621F0-7575-4676-9A20-AB0CFC13D90F}.Debug|Any CPU.Build.0 = Debug|Any CPU
		{24C621F0-7575-4676-9A20-AB0CFC13D90F}.Release|Any CPU.ActiveCfg = Release|Any CPU
		{24C621F0-7575-4676-9A20-AB0CFC13D90F}.Release|Any CPU.Build.0 = Release|Any CPU
		{98BC65B9-D052-4B58-AEE3-01063F671911}.Debug|Any CPU.ActiveCfg = Debug|Any CPU
		{98BC65B9-D052-4B58-AEE3-01063F671911}.Debug|Any CPU.Build.0 = Debug|Any CPU
		{98BC65B9-D052-4B58-AEE3-01063F671911}.Release|Any CPU.ActiveCfg = Release|Any CPU
		{98BC65B9-D052-4B58-AEE3-01063F671911}.Release|Any CPU.Build.0 = Release|Any CPU
		{F2E37985-DAE6-4C3F-8CE0-D510921E6BB4}.Debug|Any CPU.ActiveCfg = Debug|Any CPU
		{F2E37985-DAE6-4C3F-8CE0-D510921E6BB4}.Debug|Any CPU.Build.0 = Debug|Any CPU
		{F2E37985-DAE6-4C3F-8CE0-D510921E6BB4}.Release|Any CPU.ActiveCfg = Release|Any CPU
		{F2E37985-DAE6-4C3F-8CE0-D510921E6BB4}.Release|Any CPU.Build.0 = Release|Any CPU
	EndGlobalSection
	GlobalSection(SolutionProperties) = preSolution
		HideSolutionNode = FALSE
	EndGlobalSection
	GlobalSection(NestedProjects) = preSolution
		{27356F80-8698-46B7-8278-9206344A8273} = {162AB162-FF8A-4023-B79B-5AFCEBBDEC33}
		{62FD6072-A90E-4F3A-B2EC-81232458ECBA} = {162AB162-FF8A-4023-B79B-5AFCEBBDEC33}
		{063976FC-EC08-4553-B6E3-BA5293F40823} = {162AB162-FF8A-4023-B79B-5AFCEBBDEC33}
		{E42F89A6-B278-4512-9947-1C89C205AB77} = {162AB162-FF8A-4023-B79B-5AFCEBBDEC33}
		{38162AB4-6E8E-4FCD-BB67-ACB197EA66C8} = {162AB162-FF8A-4023-B79B-5AFCEBBDEC33}
		{ECE151A2-05E6-4B53-A231-A76E77CE4890} = {83605024-47DA-43AB-8006-E098376F96F3}
		{AA6143BD-B55D-463C-9CEA-2C33B147CBEF} = {83605024-47DA-43AB-8006-E098376F96F3}
		{B348C7A6-A400-4D24-A168-51FEDBBEA3F4} = {83605024-47DA-43AB-8006-E098376F96F3}
		{D1E1F117-57A9-4DBF-9FF4-0753FF395299} = {83605024-47DA-43AB-8006-E098376F96F3}
		{C5457395-A1B8-4889-B52C-87559D06399C} = {83605024-47DA-43AB-8006-E098376F96F3}
		{4628DFFD-EDE9-4043-A51D-F9C77B30774F} = {B490A021-762E-4E5E-86B3-A9671B64F5BB}
		{077313E8-E141-4ED8-A634-BE4EE442E44A} = {B490A021-762E-4E5E-86B3-A9671B64F5BB}
		{C0A8E2E0-5BFE-418B-AF4E-6FB077C4D837} = {B490A021-762E-4E5E-86B3-A9671B64F5BB}
		{8C25E616-C932-4388-A583-51090ABB746A} = {B490A021-762E-4E5E-86B3-A9671B64F5BB}
		{0CDEFBC9-0576-453E-B89C-CF8B2984B5A1} = {6F344CC1-F319-4797-AD68-0BF60A037948}
		{97DAB8C7-3E56-4314-B0AD-99E3DE0EF1AE} = {6F344CC1-F319-4797-AD68-0BF60A037948}
		{24C621F0-7575-4676-9A20-AB0CFC13D90F} = {6F344CC1-F319-4797-AD68-0BF60A037948}
		{98BC65B9-D052-4B58-AEE3-01063F671911} = {6F344CC1-F319-4797-AD68-0BF60A037948}
		{F2E37985-DAE6-4C3F-8CE0-D510921E6BB4} = {1CD755D8-393B-4963-89EB-5E86DE299D66}
	EndGlobalSection
	GlobalSection(ExtensibilityGlobals) = postSolution
		SolutionGuid = {3090DB1A-7E29-4896-A633-CCA8017253D2}
	EndGlobalSection
EndGlobal
